
Microsoft Visual Studio Solution File, Format Version 12.00
# Visual Studio Version 17
VisualStudioVersion = 17.9.34728.123
MinimumVisualStudioVersion = 10.0.40219.1
Project("{FAE04EC0-301F-11D3-BF4B-00C04F79EFBC}") = "MongoDBAPI", "MongoDBAPI\MongoDBAPI.csproj", "{9B9ADC80-5AE4-4782-ABAF-819F355C702F}"
EndProject
Global
	GlobalSection(SolutionConfigurationPlatforms) = preSolution
		Debug|Any CPU = Debug|Any CPU
		Release|Any CPU = Release|Any CPU
	EndGlobalSection
	GlobalSection(ProjectConfigurationPlatforms) = postSolution
		{9B9ADC80-5AE4-4782-ABAF-819F355C702F}.Debug|Any CPU.ActiveCfg = Debug|Any CPU
		{9B9ADC80-5AE4-4782-ABAF-819F355C702F}.Debug|Any CPU.Build.0 = Debug|Any CPU
		{9B9ADC80-5AE4-4782-ABAF-819F355C702F}.Release|Any CPU.ActiveCfg = Release|Any CPU
		{9B9ADC80-5AE4-4782-ABAF-819F355C702F}.Release|Any CPU.Build.0 = Release|Any CPU
	EndGlobalSection
	GlobalSection(SolutionProperties) = preSolution
		HideSolutionNode = FALSE
	EndGlobalSection
	GlobalSection(ExtensibilityGlobals) = postSolution
		SolutionGuid = {D93BEF9D-B7CA-465A-80A8-FBBEEE9210E2}
	EndGlobalSection
EndGlobal
